lockfileVersion: '9.0'

settings:
  autoInstallPeers: true
  excludeLinksFromLockfile: false

importers:

  .:
    dependencies:
      borsh:
        specifier: ^2.0.0
        version: 2.0.0

packages:

  borsh@2.0.0:
    resolution: {integrity: sha512-kc9+BgR3zz9+cjbwM8ODoUB4fs3X3I5A/HtX7LZKxCLaMrEeDFoBpnhZY//DTS1VZBSs6S5v46RZRbZjRFspEg==}

snapshots:

  borsh@2.0.0: {}
